
Microsoft Visual Studio Solution File, Format Version 12.00
# Visual Studio Version 17
VisualStudioVersion = 17.9.34622.214
MinimumVisualStudioVersion = 10.0.40219.1
Project("{9A19103F-16F7-4668-BE54-9A1E7A4F7556}") = "MigrarTareasAWASM", "MigrarTareasAWASM\MigrarTareasAWASM.csproj", "{02DBDACE-FC45-4BC1-BFD5-7FC8F0E6BFB5}"
EndProject
Project("{9A19103F-16F7-4668-BE54-9A1E7A4F7556}") = "MigrarTareasAWASM.Api", "MigrarTareasAWASM.Api\MigrarTareasAWASM.Api.csproj", "{91ABB978-9212-41B6-9C84-B61E18827825}"
EndProject
Project("{9A19103F-16F7-4668-BE54-9A1E7A4F7556}") = "Library", "Library\Library.csproj", "{377AF782-0BE5-40E0-A677-02D8DD420A2F}"
EndProject
Global
	GlobalSection(SolutionConfigurationPlatforms) = preSolution
		Debug|Any CPU = Debug|Any CPU
		Release|Any CPU = Release|Any CPU
	EndGlobalSection
	GlobalSection(ProjectConfigurationPlatforms) = postSolution
		{02DBDACE-FC45-4BC1-BFD5-7FC8F0E6BFB5}.Debug|Any CPU.ActiveCfg = Debug|Any CPU
		{02DBDACE-FC45-4BC1-BFD5-7FC8F0E6BFB5}.Debug|Any CPU.Build.0 = Debug|Any CPU
		{02DBDACE-FC45-4BC1-BFD5-7FC8F0E6BFB5}.Release|Any CPU.ActiveCfg = Release|Any CPU
		{02DBDACE-FC45-4BC1-BFD5-7FC8F0E6BFB5}.Release|Any CPU.Build.0 = Release|Any CPU
		{91ABB978-9212-41B6-9C84-B61E18827825}.Debug|Any CPU.ActiveCfg = Debug|Any CPU
		{91ABB978-9212-41B6-9C84-B61E18827825}.Debug|Any CPU.Build.0 = Debug|Any CPU
		{91ABB978-9212-41B6-9C84-B61E18827825}.Release|Any CPU.ActiveCfg = Release|Any CPU
		{91ABB978-9212-41B6-9C84-B61E18827825}.Release|Any CPU.Build.0 = Release|Any CPU
		{377AF782-0BE5-40E0-A677-02D8DD420A2F}.Debug|Any CPU.ActiveCfg = Debug|Any CPU
		{377AF782-0BE5-40E0-A677-02D8DD420A2F}.Debug|Any CPU.Build.0 = Debug|Any CPU
		{377AF782-0BE5-40E0-A677-02D8DD420A2F}.Release|Any CPU.ActiveCfg = Release|Any CPU
		{377AF782-0BE5-40E0-A677-02D8DD420A2F}.Release|Any CPU.Build.0 = Release|Any CPU
	EndGlobalSection
	GlobalSection(SolutionProperties) = preSolution
		HideSolutionNode = FALSE
	EndGlobalSection
	GlobalSection(ExtensibilityGlobals) = postSolution
		SolutionGuid = {AF110922-4A4E-4681-888E-B75A9EDFB7DD}
	EndGlobalSection
EndGlobal
